// !$*UTF8*$!
{
	archiveVersion = 1;
	classes = {
	};
	objectVersion = 50;
	objects = {

/* Begin PBXBuildFile section */
		28BDCACB03EDAC23A891DA07 /* Pods_SwiftProjectMemoUITests.framework in Frameworks */ = {isa = PBXBuildFile; fileRef = 4E956ED2595BA4A7D534D715 /* Pods_SwiftProjectMemoUITests.framework */; };
		30161946215B571800765C4B /* AppDelegate.swift in Sources */ = {isa = PBXBuildFile; fileRef = 30161945215B571800765C4B /* AppDelegate.swift */; };
		30161948215B571800765C4B /* ViewController.swift in Sources */ = {isa = PBXBuildFile; fileRef = 30161947215B571800765C4B /* ViewController.swift */; };
		3016194B215B571800765C4B /* Main.storyboard in Resources */ = {isa = PBXBuildFile; fileRef = 30161949215B571800765C4B /* Main.storyboard */; };
		3016194D215B571900765C4B /* Assets.xcassets in Resources */ = {isa = PBXBuildFile; fileRef = 3016194C215B571900765C4B /* Assets.xcassets */; };
		30161950215B571900765C4B /* LaunchScreen.storyboard in Resources */ = {isa = PBXBuildFile; fileRef = 3016194E215B571900765C4B /* LaunchScreen.storyboard */; };
		3016195B215B571900765C4B /* SwiftProjectMemoTests.swift in Sources */ = {isa = PBXBuildFile; fileRef = 3016195A215B571900765C4B /* SwiftProjectMemoTests.swift */; };
		30161966215B571A00765C4B /* SwiftProjectMemoUITests.swift in Sources */ = {isa = PBXBuildFile; fileRef = 30161965215B571A00765C4B /* SwiftProjectMemoUITests.swift */; };
		30531C4D215B62190037E2EE /* SwiftyJSON.framework in Frameworks */ = {isa = PBXBuildFile; fileRef = 30531C42215B62190037E2EE /* SwiftyJSON.framework */; };
		30531C4E215B62190037E2EE /* SwiftyJSON.framework in Embed Frameworks */ = {isa = PBXBuildFile; fileRef = 30531C42215B62190037E2EE /* SwiftyJSON.framework */; settings = {ATTRIBUTES = (CodeSignOnCopy, RemoveHeadersOnCopy, ); }; };
		30531C4F215B62190037E2EE /* RxBlocking.framework in Frameworks */ = {isa = PBXBuildFile; fileRef = 30531C43215B62190037E2EE /* RxBlocking.framework */; };
		30531C50215B62190037E2EE /* RxBlocking.framework in Embed Frameworks */ = {isa = PBXBuildFile; fileRef = 30531C43215B62190037E2EE /* RxBlocking.framework */; settings = {ATTRIBUTES = (CodeSignOnCopy, RemoveHeadersOnCopy, ); }; };
		30531C51215B62190037E2EE /* Alamofire.framework in Frameworks */ = {isa = PBXBuildFile; fileRef = 30531C44215B62190037E2EE /* Alamofire.framework */; };
		30531C52215B62190037E2EE /* Alamofire.framework in Embed Frameworks */ = {isa = PBXBuildFile; fileRef = 30531C44215B62190037E2EE /* Alamofire.framework */; settings = {ATTRIBUTES = (CodeSignOnCopy, RemoveHeadersOnCopy, ); }; };
		30531C53215B621A0037E2EE /* RxSwift.framework in Frameworks */ = {isa = PBXBuildFile; fileRef = 30531C45215B62190037E2EE /* RxSwift.framework */; };
		30531C54215B621A0037E2EE /* RxSwift.framework in Embed Frameworks */ = {isa = PBXBuildFile; fileRef = 30531C45215B62190037E2EE /* RxSwift.framework */; settings = {ATTRIBUTES = (CodeSignOnCopy, RemoveHeadersOnCopy, ); }; };
		30531C55215B621A0037E2EE /* SnapKit.framework in Frameworks */ = {isa = PBXBuildFile; fileRef = 30531C46215B62190037E2EE /* SnapKit.framework */; };
		30531C56215B621A0037E2EE /* SnapKit.framework in Embed Frameworks */ = {isa = PBXBuildFile; fileRef = 30531C46215B62190037E2EE /* SnapKit.framework */; settings = {ATTRIBUTES = (CodeSignOnCopy, RemoveHeadersOnCopy, ); }; };
		30531C57215B621A0037E2EE /* Swinject.framework in Frameworks */ = {isa = PBXBuildFile; fileRef = 30531C47215B62190037E2EE /* Swinject.framework */; };
		30531C58215B621A0037E2EE /* Swinject.framework in Embed Frameworks */ = {isa = PBXBuildFile; fileRef = 30531C47215B62190037E2EE /* Swinject.framework */; settings = {ATTRIBUTES = (CodeSignOnCopy, RemoveHeadersOnCopy, ); }; };
		30531C59215B621A0037E2EE /* RxCocoa.framework in Frameworks */ = {isa = PBXBuildFile; fileRef = 30531C48215B62190037E2EE /* RxCocoa.framework */; };
		30531C5A215B621A0037E2EE /* RxCocoa.framework in Embed Frameworks */ = {isa = PBXBuildFile; fileRef = 30531C48215B62190037E2EE /* RxCocoa.framework */; settings = {ATTRIBUTES = (CodeSignOnCopy, RemoveHeadersOnCopy, ); }; };
		30531C5B215B621A0037E2EE /* FontAwesomeKit.framework in Frameworks */ = {isa = PBXBuildFile; fileRef = 30531C49215B62190037E2EE /* FontAwesomeKit.framework */; };
		30531C5C215B621A0037E2EE /* FontAwesomeKit.framework in Embed Frameworks */ = {isa = PBXBuildFile; fileRef = 30531C49215B62190037E2EE /* FontAwesomeKit.framework */; settings = {ATTRIBUTES = (CodeSignOnCopy, RemoveHeadersOnCopy, ); }; };
		30531C5D215B621A0037E2EE /* RealmSwift.framework in Frameworks */ = {isa = PBXBuildFile; fileRef = 30531C4A215B62190037E2EE /* RealmSwift.framework */; };
		30531C5E215B621A0037E2EE /* RealmSwift.framework in Embed Frameworks */ = {isa = PBXBuildFile; fileRef = 30531C4A215B62190037E2EE /* RealmSwift.framework */; settings = {ATTRIBUTES = (CodeSignOnCopy, RemoveHeadersOnCopy, ); }; };
		30531C5F215B621A0037E2EE /* SwiftyBeaver.framework in Frameworks */ = {isa = PBXBuildFile; fileRef = 30531C4B215B62190037E2EE /* SwiftyBeaver.framework */; };
		30531C60215B621A0037E2EE /* SwiftyBeaver.framework in Embed Frameworks */ = {isa = PBXBuildFile; fileRef = 30531C4B215B62190037E2EE /* SwiftyBeaver.framework */; settings = {ATTRIBUTES = (CodeSignOnCopy, RemoveHeadersOnCopy, ); }; };
		30531C61215B621A0037E2EE /* Realm.framework in Frameworks */ = {isa = PBXBuildFile; fileRef = 30531C4C215B62190037E2EE /* Realm.framework */; };
		30531C62215B621A0037E2EE /* Realm.framework in Embed Frameworks */ = {isa = PBXBuildFile; fileRef = 30531C4C215B62190037E2EE /* Realm.framework */; settings = {ATTRIBUTES = (CodeSignOnCopy, RemoveHeadersOnCopy, ); }; };
		35F8BA34BC78FCDACB39146C /* Pods_SwiftProjectMemo.framework in Frameworks */ = {isa = PBXBuildFile; fileRef = 89D433967805FEE2B64733D9 /* Pods_SwiftProjectMemo.framework */; };
		7E53FB0AC40DA06F20614AB5 /* Pods_SwiftProjectMemoTests.framework in Frameworks */ = {isa = PBXBuildFile; fileRef = 7A5D706B36605BA14716DD10 /* Pods_SwiftProjectMemoTests.framework */; };
/* End PBXBuildFile section */

/* Begin PBXContainerItemProxy section */
		30161957215B571900765C4B /* PBXContainerItemProxy */ = {
			isa = PBXContainerItemProxy;
			containerPortal = 3016193A215B571800765C4B /* Project object */;
			proxyType = 1;
			remoteGlobalIDString = 30161941215B571800765C4B;
			remoteInfo = SwiftProjectMemo;
		};
		30161962215B571A00765C4B /* PBXContainerItemProxy */ = {
			isa = PBXContainerItemProxy;
			containerPortal = 3016193A215B571800765C4B /* Project object */;
			proxyType = 1;
			remoteGlobalIDString = 30161941215B571800765C4B;
			remoteInfo = SwiftProjectMemo;
		};
/* End PBXContainerItemProxy section */

/* Begin PBXCopyFilesBuildPhase section */
		30531C63215B621A0037E2EE /* Embed Frameworks */ = {
			isa = PBXCopyFilesBuildPhase;
			buildActionMask = 2147483647;
			dstPath = "";
			dstSubfolderSpec = 10;
			files = (
				30531C54215B621A0037E2EE /* RxSwift.framework in Embed Frameworks */,
				30531C4E215B62190037E2EE /* SwiftyJSON.framework in Embed Frameworks */,
				30531C5E215B621A0037E2EE /* RealmSwift.framework in Embed Frameworks */,
				30531C5A215B621A0037E2EE /* RxCocoa.framework in Embed Frameworks */,
				30531C52215B62190037E2EE /* Alamofire.framework in Embed Frameworks */,
				30531C60215B621A0037E2EE /* SwiftyBeaver.framework in Embed Frameworks */,
				30531C5C215B621A0037E2EE /* FontAwesomeKit.framework in Embed Frameworks */,
				30531C58215B621A0037E2EE /* Swinject.framework in Embed Frameworks */,
				30531C50215B62190037E2EE /* RxBlocking.framework in Embed Frameworks */,
				30531C56215B621A0037E2EE /* SnapKit.framework in Embed Frameworks */,
				30531C62215B621A0037E2EE /* Realm.framework in Embed Frameworks */,
			);
			name = "Embed Frameworks";
			runOnlyForDeploymentPostprocessing = 0;
		};
/* End PBXCopyFilesBuildPhase section */

/* Begin PBXFileReference section */
		2892D38E8623C625EC6C197F /* Pods-SwiftProjectMemoTests.debug.xcconfig */ = {isa = PBXFileReference; includeInIndex = 1; lastKnownFileType = text.xcconfig; name = "Pods-SwiftProjectMemoTests.debug.xcconfig"; path = "Pods/Target Support Files/Pods-SwiftProjectMemoTests/Pods-SwiftProjectMemoTests.debug.xcconfig"; sourceTree = "<group>"; };
		30161942215B571800765C4B /* SwiftProjectMemo.app */ = {isa = PBXFileReference; explicitFileType = wrapper.application; includeInIndex = 0; path = SwiftProjectMemo.app; sourceTree = BUILT_PRODUCTS_DIR; };
		30161945215B571800765C4B /* AppDelegate.swift */ = {isa = PBXFileReference; lastKnownFileType = sourcecode.swift; path = AppDelegate.swift; sourceTree = "<group>"; };
		30161947215B571800765C4B /* ViewController.swift */ = {isa = PBXFileReference; lastKnownFileType = sourcecode.swift; path = ViewController.swift; sourceTree = "<group>"; };
		3016194A215B571800765C4B /* Base */ = {isa = PBXFileReference; lastKnownFileType = file.storyboard; name = Base; path = Base.lproj/Main.storyboard; sourceTree = "<group>"; };
		3016194C215B571900765C4B /* Assets.xcassets */ = {isa = PBXFileReference; lastKnownFileType = folder.assetcatalog; path = Assets.xcassets; sourceTree = "<group>"; };
		3016194F215B571900765C4B /* Base */ = {isa = PBXFileReference; lastKnownFileType = file.storyboard; name = Base; path = Base.lproj/LaunchScreen.storyboard; sourceTree = "<group>"; };
		30161951215B571900765C4B /* Info.plist */ = {isa = PBXFileReference; lastKnownFileType = text.plist.xml; path = Info.plist; sourceTree = "<group>"; };
		30161956215B571900765C4B /* SwiftProjectMemoTests.xctest */ = {isa = PBXFileReference; explicitFileType = wrapper.cfbundle; includeInIndex = 0; path = SwiftProjectMemoTests.xctest; sourceTree = BUILT_PRODUCTS_DIR; };
		3016195A215B571900765C4B /* SwiftProjectMemoTests.swift */ = {isa = PBXFileReference; lastKnownFileType = sourcecode.swift; path = SwiftProjectMemoTests.swift; sourceTree = "<group>"; };
		3016195C215B571900765C4B /* Info.plist */ = {isa = PBXFileReference; lastKnownFileType = text.plist.xml; path = Info.plist; sourceTree = "<group>"; };
		30161961215B571A00765C4B /* SwiftProjectMemoUITests.xctest */ = {isa = PBXFileReference; explicitFileType = wrapper.cfbundle; includeInIndex = 0; path = SwiftProjectMemoUITests.xctest; sourceTree = BUILT_PRODUCTS_DIR; };
		30161965215B571A00765C4B /* SwiftProjectMemoUITests.swift */ = {isa = PBXFileReference; lastKnownFileType = sourcecode.swift; path = SwiftProjectMemoUITests.swift; sourceTree = "<group>"; };
		30161967215B571A00765C4B /* Info.plist */ = {isa = PBXFileReference; lastKnownFileType = text.plist.xml; path = Info.plist; sourceTree = "<group>"; };
		30161973215B575C00765C4B /* .gitignore */ = {isa = PBXFileReference; lastKnownFileType = text; path = .gitignore; sourceTree = "<group>"; };
		30161974215B57B300765C4B /* .swiftlint.yml */ = {isa = PBXFileReference; lastKnownFileType = text; path = .swiftlint.yml; sourceTree = "<group>"; };
		30161976215B582000765C4B /* Gemfile */ = {isa = PBXFileReference; lastKnownFileType = text; path = Gemfile; sourceTree = "<group>"; };
		30531C27215B5C5D0037E2EE /* Cartfile */ = {isa = PBXFileReference; lastKnownFileType = text; path = Cartfile; sourceTree = "<group>"; };
		30531C28215B5C910037E2EE /* Podfile */ = {isa = PBXFileReference; lastKnownFileType = text; path = Podfile; sourceTree = "<group>"; };
		30531C42215B62190037E2EE /* SwiftyJSON.framework */ = {isa = PBXFileReference; lastKnownFileType = wrapper.framework; name = SwiftyJSON.framework; path = Carthage/Build/iOS/SwiftyJSON.framework; sourceTree = "<group>"; };
		30531C43215B62190037E2EE /* RxBlocking.framework */ = {isa = PBXFileReference; lastKnownFileType = wrapper.framework; name = RxBlocking.framework; path = Carthage/Build/iOS/RxBlocking.framework; sourceTree = "<group>"; };
		30531C44215B62190037E2EE /* Alamofire.framework */ = {isa = PBXFileReference; lastKnownFileType = wrapper.framework; name = Alamofire.framework; path = Carthage/Build/iOS/Alamofire.framework; sourceTree = "<group>"; };
		30531C45215B62190037E2EE /* RxSwift.framework */ = {isa = PBXFileReference; lastKnownFileType = wrapper.framework; name = RxSwift.framework; path = Carthage/Build/iOS/RxSwift.framework; sourceTree = "<group>"; };
		30531C46215B62190037E2EE /* SnapKit.framework */ = {isa = PBXFileReference; lastKnownFileType = wrapper.framework; name = SnapKit.framework; path = Carthage/Build/iOS/SnapKit.framework; sourceTree = "<group>"; };
		30531C47215B62190037E2EE /* Swinject.framework */ = {isa = PBXFileReference; lastKnownFileType = wrapper.framework; name = Swinject.framework; path = Carthage/Build/iOS/Swinject.framework; sourceTree = "<group>"; };
		30531C48215B62190037E2EE /* RxCocoa.framework */ = {isa = PBXFileReference; lastKnownFileType = wrapper.framework; name = RxCocoa.framework; path = Carthage/Build/iOS/RxCocoa.framework; sourceTree = "<group>"; };
		30531C49215B62190037E2EE /* FontAwesomeKit.framework */ = {isa = PBXFileReference; lastKnownFileType = wrapper.framework; name = FontAwesomeKit.framework; path = Carthage/Build/iOS/FontAwesomeKit.framework; sourceTree = "<group>"; };
		30531C4A215B62190037E2EE /* RealmSwift.framework */ = {isa = PBXFileReference; lastKnownFileType = wrapper.framework; name = RealmSwift.framework; path = Carthage/Build/iOS/RealmSwift.framework; sourceTree = "<group>"; };
		30531C4B215B62190037E2EE /* SwiftyBeaver.framework */ = {isa = PBXFileReference; lastKnownFileType = wrapper.framework; name = SwiftyBeaver.framework; path = Carthage/Build/iOS/SwiftyBeaver.framework; sourceTree = "<group>"; };
		30531C4C215B62190037E2EE /* Realm.framework */ = {isa = PBXFileReference; lastKnownFileType = wrapper.framework; name = Realm.framework; path = Carthage/Build/iOS/Realm.framework; sourceTree = "<group>"; };
		4DEBE072DC8056C8F4CF1349 /* Pods-SwiftProjectMemo.release.xcconfig */ = {isa = PBXFileReference; includeInIndex = 1; lastKnownFileType = text.xcconfig; name = "Pods-SwiftProjectMemo.release.xcconfig"; path = "Pods/Target Support Files/Pods-SwiftProjectMemo/Pods-SwiftProjectMemo.release.xcconfig"; sourceTree = "<group>"; };
		4E956ED2595BA4A7D534D715 /* Pods_SwiftProjectMemoUITests.framework */ = {isa = PBXFileReference; explicitFileType = wrapper.framework; includeInIndex = 0; path = Pods_SwiftProjectMemoUITests.framework; sourceTree = BUILT_PRODUCTS_DIR; };
		7A5D706B36605BA14716DD10 /* Pods_SwiftProjectMemoTests.framework */ = {isa = PBXFileReference; explicitFileType = wrapper.framework; includeInIndex = 0; path = Pods_SwiftProjectMemoTests.framework; sourceTree = BUILT_PRODUCTS_DIR; };
		7D0CA00BB18BE80E8DC5F250 /* Pods-SwiftProjectMemoUITests.release.xcconfig */ = {isa = PBXFileReference; includeInIndex = 1; lastKnownFileType = text.xcconfig; name = "Pods-SwiftProjectMemoUITests.release.xcconfig"; path = "Pods/Target Support Files/Pods-SwiftProjectMemoUITests/Pods-SwiftProjectMemoUITests.release.xcconfig"; sourceTree = "<group>"; };
		89D433967805FEE2B64733D9 /* Pods_SwiftProjectMemo.framework */ = {isa = PBXFileReference; explicitFileType = wrapper.framework; includeInIndex = 0; path = Pods_SwiftProjectMemo.framework; sourceTree = BUILT_PRODUCTS_DIR; };
		9B2D8868235FFE9CDA3623D8 /* Pods-SwiftProjectMemoTests.release.xcconfig */ = {isa = PBXFileReference; includeInIndex = 1; lastKnownFileType = text.xcconfig; name = "Pods-SwiftProjectMemoTests.release.xcconfig"; path = "Pods/Target Support Files/Pods-SwiftProjectMemoTests/Pods-SwiftProjectMemoTests.release.xcconfig"; sourceTree = "<group>"; };
		BF38A687C9462063D2B79664 /* Pods-SwiftProjectMemo.debug.xcconfig */ = {isa = PBXFileReference; includeInIndex = 1; lastKnownFileType = text.xcconfig; name = "Pods-SwiftProjectMemo.debug.xcconfig"; path = "Pods/Target Support Files/Pods-SwiftProjectMemo/Pods-SwiftProjectMemo.debug.xcconfig"; sourceTree = "<group>"; };
		E6E49B66CA967120F6DC8B1D /* Pods-SwiftProjectMemoUITests.debug.xcconfig */ = {isa = PBXFileReference; includeInIndex = 1; lastKnownFileType = text.xcconfig; name = "Pods-SwiftProjectMemoUITests.debug.xcconfig"; path = "Pods/Target Support Files/Pods-SwiftProjectMemoUITests/Pods-SwiftProjectMemoUITests.debug.xcconfig"; sourceTree = "<group>"; };
/* End PBXFileReference section */

/* Begin PBXFrameworksBuildPhase section */
		3016193F215B571800765C4B /* Frameworks */ = {
			isa = PBXFrameworksBuildPhase;
			buildActionMask = 2147483647;
			files = (
				30531C61215B621A0037E2EE /* Realm.framework in Frameworks */,
				30531C53215B621A0037E2EE /* RxSwift.framework in Frameworks */,
				30531C5F215B621A0037E2EE /* SwiftyBeaver.framework in Frameworks */,
				30531C57215B621A0037E2EE /* Swinject.framework in Frameworks */,
				30531C4D215B62190037E2EE /* SwiftyJSON.framework in Frameworks */,
				35F8BA34BC78FCDACB39146C /* Pods_SwiftProjectMemo.framework in Frameworks */,
				30531C59215B621A0037E2EE /* RxCocoa.framework in Frameworks */,
				30531C55215B621A0037E2EE /* SnapKit.framework in Frameworks */,
				30531C5D215B621A0037E2EE /* RealmSwift.framework in Frameworks */,
				30531C5B215B621A0037E2EE /* FontAwesomeKit.framework in Frameworks */,
				30531C4F215B62190037E2EE /* RxBlocking.framework in Frameworks */,
				30531C51215B62190037E2EE /* Alamofire.framework in Frameworks */,
			);
			runOnlyForDeploymentPostprocessing = 0;
		};
		30161953215B571900765C4B /* Frameworks */ = {
			isa = PBXFrameworksBuildPhase;
			buildActionMask = 2147483647;
			files = (
				7E53FB0AC40DA06F20614AB5 /* Pods_SwiftProjectMemoTests.framework in Frameworks */,
			);
			runOnlyForDeploymentPostprocessing = 0;
		};
		3016195E215B571A00765C4B /* Frameworks */ = {
			isa = PBXFrameworksBuildPhase;
			buildActionMask = 2147483647;
			files = (
				28BDCACB03EDAC23A891DA07 /* Pods_SwiftProjectMemoUITests.framework in Frameworks */,
			);
			runOnlyForDeploymentPostprocessing = 0;
		};
/* End PBXFrameworksBuildPhase section */

/* Begin PBXGroup section */
		264EC6FD5B17EE1F9EA79C48 /* Frameworks */ = {
			isa = PBXGroup;
			children = (
				89D433967805FEE2B64733D9 /* Pods_SwiftProjectMemo.framework */,
				7A5D706B36605BA14716DD10 /* Pods_SwiftProjectMemoTests.framework */,
				4E956ED2595BA4A7D534D715 /* Pods_SwiftProjectMemoUITests.framework */,
			);
			name = Frameworks;
			sourceTree = "<group>";
		};
		30161939215B571800765C4B = {
			isa = PBXGroup;
			children = (
				30531C44215B62190037E2EE /* Alamofire.framework */,
				30531C49215B62190037E2EE /* FontAwesomeKit.framework */,
				30531C4C215B62190037E2EE /* Realm.framework */,
				30531C4A215B62190037E2EE /* RealmSwift.framework */,
				30531C43215B62190037E2EE /* RxBlocking.framework */,
				30531C48215B62190037E2EE /* RxCocoa.framework */,
				30531C45215B62190037E2EE /* RxSwift.framework */,
				30531C46215B62190037E2EE /* SnapKit.framework */,
				30531C4B215B62190037E2EE /* SwiftyBeaver.framework */,
				30531C42215B62190037E2EE /* SwiftyJSON.framework */,
				30531C47215B62190037E2EE /* Swinject.framework */,
				30531C28215B5C910037E2EE /* Podfile */,
				30531C27215B5C5D0037E2EE /* Cartfile */,
				30161976215B582000765C4B /* Gemfile */,
				30161974215B57B300765C4B /* .swiftlint.yml */,
				30161973215B575C00765C4B /* .gitignore */,
				30161944215B571800765C4B /* SwiftProjectMemo */,
				30161959215B571900765C4B /* SwiftProjectMemoTests */,
				30161964215B571A00765C4B /* SwiftProjectMemoUITests */,
				30161943215B571800765C4B /* Products */,
				65592B9CB5C8536EE2324C33 /* Pods */,
				264EC6FD5B17EE1F9EA79C48 /* Frameworks */,
			);
			sourceTree = "<group>";
		};
		30161943215B571800765C4B /* Products */ = {
			isa = PBXGroup;
			children = (
				30161942215B571800765C4B /* SwiftProjectMemo.app */,
				30161956215B571900765C4B /* SwiftProjectMemoTests.xctest */,
				30161961215B571A00765C4B /* SwiftProjectMemoUITests.xctest */,
			);
			name = Products;
			sourceTree = "<group>";
		};
		30161944215B571800765C4B /* SwiftProjectMemo */ = {
			isa = PBXGroup;
			children = (
				30161945215B571800765C4B /* AppDelegate.swift */,
				30161947215B571800765C4B /* ViewController.swift */,
				30161949215B571800765C4B /* Main.storyboard */,
				3016194C215B571900765C4B /* Assets.xcassets */,
				3016194E215B571900765C4B /* LaunchScreen.storyboard */,
				30161951215B571900765C4B /* Info.plist */,
			);
			path = SwiftProjectMemo;
			sourceTree = "<group>";
		};
		30161959215B571900765C4B /* SwiftProjectMemoTests */ = {
			isa = PBXGroup;
			children = (
				3016195A215B571900765C4B /* SwiftProjectMemoTests.swift */,
				3016195C215B571900765C4B /* Info.plist */,
			);
			path = SwiftProjectMemoTests;
			sourceTree = "<group>";
		};
		30161964215B571A00765C4B /* SwiftProjectMemoUITests */ = {
			isa = PBXGroup;
			children = (
				30161965215B571A00765C4B /* SwiftProjectMemoUITests.swift */,
				30161967215B571A00765C4B /* Info.plist */,
			);
			path = SwiftProjectMemoUITests;
			sourceTree = "<group>";
		};
		65592B9CB5C8536EE2324C33 /* Pods */ = {
			isa = PBXGroup;
			children = (
				BF38A687C9462063D2B79664 /* Pods-SwiftProjectMemo.debug.xcconfig */,
				4DEBE072DC8056C8F4CF1349 /* Pods-SwiftProjectMemo.release.xcconfig */,
				2892D38E8623C625EC6C197F /* Pods-SwiftProjectMemoTests.debug.xcconfig */,
				9B2D8868235FFE9CDA3623D8 /* Pods-SwiftProjectMemoTests.release.xcconfig */,
				E6E49B66CA967120F6DC8B1D /* Pods-SwiftProjectMemoUITests.debug.xcconfig */,
				7D0CA00BB18BE80E8DC5F250 /* Pods-SwiftProjectMemoUITests.release.xcconfig */,
			);
			name = Pods;
			sourceTree = "<group>";
		};
/* End PBXGroup section */

/* Begin PBXNativeTarget section */
		30161941215B571800765C4B /* SwiftProjectMemo */ = {
			isa = PBXNativeTarget;
			buildConfigurationList = 3016196A215B571A00765C4B /* Build configuration list for PBXNativeTarget "SwiftProjectMemo" */;
			buildPhases = (
				F0E892715DDD3383A3D0D190 /* [CP] Check Pods Manifest.lock */,
				3016193E215B571800765C4B /* Sources */,
				3016193F215B571800765C4B /* Frameworks */,
				30161940215B571800765C4B /* Resources */,
				30161975215B57D200765C4B /* SwiftLint */,
				30531C63215B621A0037E2EE /* Embed Frameworks */,
			);
			buildRules = (
			);
			dependencies = (
			);
			name = SwiftProjectMemo;
			productName = SwiftProjectMemo;
			productReference = 30161942215B571800765C4B /* SwiftProjectMemo.app */;
			productType = "com.apple.product-type.application";
		};
		30161955215B571900765C4B /* SwiftProjectMemoTests */ = {
			isa = PBXNativeTarget;
			buildConfigurationList = 3016196D215B571A00765C4B /* Build configuration list for PBXNativeTarget "SwiftProjectMemoTests" */;
			buildPhases = (
				717E468420F154D72C8B7174 /* [CP] Check Pods Manifest.lock */,
				30161952215B571900765C4B /* Sources */,
				30161953215B571900765C4B /* Frameworks */,
				30161954215B571900765C4B /* Resources */,
			);
			buildRules = (
			);
			dependencies = (
				30161958215B571900765C4B /* PBXTargetDependency */,
			);
			name = SwiftProjectMemoTests;
			productName = SwiftProjectMemoTests;
			productReference = 30161956215B571900765C4B /* SwiftProjectMemoTests.xctest */;
			productType = "com.apple.product-type.bundle.unit-test";
		};
		30161960215B571A00765C4B /* SwiftProjectMemoUITests */ = {
			isa = PBXNativeTarget;
			buildConfigurationList = 30161970215B571A00765C4B /* Build configuration list for PBXNativeTarget "SwiftProjectMemoUITests" */;
			buildPhases = (
				093DEBD65434552982AE65AA /* [CP] Check Pods Manifest.lock */,
				3016195D215B571A00765C4B /* Sources */,
				3016195E215B571A00765C4B /* Frameworks */,
				3016195F215B571A00765C4B /* Resources */,
			);
			buildRules = (
			);
			dependencies = (
				30161963215B571A00765C4B /* PBXTargetDependency */,
			);
			name = SwiftProjectMemoUITests;
			productName = SwiftProjectMemoUITests;
			productReference = 30161961215B571A00765C4B /* SwiftProjectMemoUITests.xctest */;
			productType = "com.apple.product-type.bundle.ui-testing";
		};
/* End PBXNativeTarget section */

/* Begin PBXProject section */
		3016193A215B571800765C4B /* Project object */ = {
			isa = PBXProject;
			attributes = {
				LastSwiftUpdateCheck = 1000;
				LastUpgradeCheck = 1000;
				ORGANIZATIONNAME = kaave;
				TargetAttributes = {
					30161941215B571800765C4B = {
						CreatedOnToolsVersion = 10.0;
					};
					30161955215B571900765C4B = {
						CreatedOnToolsVersion = 10.0;
						TestTargetID = 30161941215B571800765C4B;
					};
					30161960215B571A00765C4B = {
						CreatedOnToolsVersion = 10.0;
						TestTargetID = 30161941215B571800765C4B;
					};
				};
			};
			buildConfigurationList = 3016193D215B571800765C4B /* Build configuration list for PBXProject "SwiftProjectMemo" */;
			compatibilityVersion = "Xcode 9.3";
			developmentRegion = en;
			hasScannedForEncodings = 0;
			knownRegions = (
				en,
				Base,
			);
			mainGroup = 30161939215B571800765C4B;
			productRefGroup = 30161943215B571800765C4B /* Products */;
			projectDirPath = "";
			projectRoot = "";
			targets = (
				30161941215B571800765C4B /* SwiftProjectMemo */,
				30161955215B571900765C4B /* SwiftProjectMemoTests */,
				30161960215B571A00765C4B /* SwiftProjectMemoUITests */,
			);
		};
/* End PBXProject section */

/* Begin PBXResourcesBuildPhase section */
		30161940215B571800765C4B /* Resources */ = {
			isa = PBXResourcesBuildPhase;
			buildActionMask = 2147483647;
			files = (
				30161950215B571900765C4B /* LaunchScreen.storyboard in Resources */,
				3016194D215B571900765C4B /* Assets.xcassets in Resources */,
				3016194B215B571800765C4B /* Main.storyboard in Resources */,
			);
			runOnlyForDeploymentPostprocessing = 0;
		};
		30161954215B571900765C4B /* Resources */ = {
			isa = PBXResourcesBuildPhase;
			buildActionMask = 2147483647;
			files = (
			);
			runOnlyForDeploymentPostprocessing = 0;
		};
		3016195F215B571A00765C4B /* Resources */ = {
			isa = PBXResourcesBuildPhase;
			buildActionMask = 2147483647;
			files = (
			);
			runOnlyForDeploymentPostprocessing = 0;
		};
/* End PBXResourcesBuildPhase section */

/* Begin PBXShellScriptBuildPhase section */
		093DEBD65434552982AE65AA /* [CP] Check Pods Manifest.lock */ = {
			isa = PBXShellScriptBuildPhase;
			buildActionMask = 2147483647;
			files = (
			);
			inputFileListPaths = (
			);
			inputPaths = (
				"${PODS_PODFILE_DIR_PATH}/Podfile.lock",
				"${PODS_ROOT}/Manifest.lock",
			);
			name = "[CP] Check Pods Manifest.lock";
			outputFileListPaths = (
			);
			outputPaths = (
				"$(DERIVED_FILE_DIR)/Pods-SwiftProjectMemoUITests-checkManifestLockResult.txt",
			);
			runOnlyForDeploymentPostprocessing = 0;
			shellPath = /bin/sh;
			shellScript = "diff \"${PODS_PODFILE_DIR_PATH}/Podfile.lock\" \"${PODS_ROOT}/Manifest.lock\" > /dev/null\nif [ $? != 0 ] ; then\n    # print error to STDERR\n    echo \"error: The sandbox is not in sync with the Podfile.lock. Run 'pod install' or update your CocoaPods installation.\" >&2\n    exit 1\nfi\n# This output is used by Xcode 'outputs' to avoid re-running this script phase.\necho \"SUCCESS\" > \"${SCRIPT_OUTPUT_FILE_0}\"\n";
			showEnvVarsInLog = 0;
		};
		30161975215B57D200765C4B /* SwiftLint */ = {
			isa = PBXShellScriptBuildPhase;
			buildActionMask = 2147483647;
			files = (
			);
			inputFileListPaths = (
			);
			inputPaths = (
			);
			name = SwiftLint;
			outputFileListPaths = (
			);
			outputPaths = (
			);
			runOnlyForDeploymentPostprocessing = 0;
			shellPath = /bin/sh;
			shellScript = "\"${PODS_ROOT}/SwiftLint/swiftlint\"\n";
		};
		717E468420F154D72C8B7174 /* [CP] Check Pods Manifest.lock */ = {
			isa = PBXShellScriptBuildPhase;
			buildActionMask = 2147483647;
			files = (
			);
			inputFileListPaths = (
			);
			inputPaths = (
				"${PODS_PODFILE_DIR_PATH}/Podfile.lock",
				"${PODS_ROOT}/Manifest.lock",
			);
			name = "[CP] Check Pods Manifest.lock";
			outputFileListPaths = (
			);
			outputPaths = (
				"$(DERIVED_FILE_DIR)/Pods-SwiftProjectMemoTests-checkManifestLockResult.txt",
			);
			runOnlyForDeploymentPostprocessing = 0;
			shellPath = /bin/sh;
			shellScript = "diff \"${PODS_PODFILE_DIR_PATH}/Podfile.lock\" \"${PODS_ROOT}/Manifest.lock\" > /dev/null\nif [ $? != 0 ] ; then\n    # print error to STDERR\n    echo \"error: The sandbox is not in sync with the Podfile.lock. Run 'pod install' or update your CocoaPods installation.\" >&2\n    exit 1\nfi\n# This output is used by Xcode 'outputs' to avoid re-running this script phase.\necho \"SUCCESS\" > \"${SCRIPT_OUTPUT_FILE_0}\"\n";
			showEnvVarsInLog = 0;
		};
		F0E892715DDD3383A3D0D190 /* [CP] Check Pods Manifest.lock */ = {
			isa = PBXShellScriptBuildPhase;
			buildActionMask = 2147483647;
			files = (
			);
			inputFileListPaths = (
			);
			inputPaths = (
				"${PODS_PODFILE_DIR_PATH}/Podfile.lock",
				"${PODS_ROOT}/Manifest.lock",
			);
			name = "[CP] Check Pods Manifest.lock";
			outputFileListPaths = (
			);
			outputPaths = (
				"$(DERIVED_FILE_DIR)/Pods-SwiftProjectMemo-checkManifestLockResult.txt",
			);
			runOnlyForDeploymentPostprocessing = 0;
			shellPath = /bin/sh;
			shellScript = "diff \"${PODS_PODFILE_DIR_PATH}/Podfile.lock\" \"${PODS_ROOT}/Manifest.lock\" > /dev/null\nif [ $? != 0 ] ; then\n    # print error to STDERR\n    echo \"error: The sandbox is not in sync with the Podfile.lock. Run 'pod install' or update your CocoaPods installation.\" >&2\n    exit 1\nfi\n# This output is used by Xcode 'outputs' to avoid re-running this script phase.\necho \"SUCCESS\" > \"${SCRIPT_OUTPUT_FILE_0}\"\n";
			showEnvVarsInLog = 0;
		};
/* End PBXShellScriptBuildPhase section */

/* Begin PBXSourcesBuildPhase section */
		3016193E215B571800765C4B /* Sources */ = {
			isa = PBXSourcesBuildPhase;
			buildActionMask = 2147483647;
			files = (
				30161948215B571800765C4B /* ViewController.swift in Sources */,
				30161946215B571800765C4B /* AppDelegate.swift in Sources */,
			);
			runOnlyForDeploymentPostprocessing = 0;
		};
		30161952215B571900765C4B /* Sources */ = {
			isa = PBXSourcesBuildPhase;
			buildActionMask = 2147483647;
			files = (
				3016195B215B571900765C4B /* SwiftProjectMemoTests.swift in Sources */,
			);
			runOnlyForDeploymentPostprocessing = 0;
		};
		3016195D215B571A00765C4B /* Sources */ = {
			isa = PBXSourcesBuildPhase;
			buildActionMask = 2147483647;
			files = (
				30161966215B571A00765C4B /* SwiftProjectMemoUITests.swift in Sources */,
			);
			runOnlyForDeploymentPostprocessing = 0;
		};
/* End PBXSourcesBuildPhase section */

/* Begin PBXTargetDependency section */
		30161958215B571900765C4B /* PBXTargetDependency */ = {
			isa = PBXTargetDependency;
			target = 30161941215B571800765C4B /* SwiftProjectMemo */;
			targetProxy = 30161957215B571900765C4B /* PBXContainerItemProxy */;
		};
		30161963215B571A00765C4B /* PBXTargetDependency */ = {
			isa = PBXTargetDependency;
			target = 30161941215B571800765C4B /* SwiftProjectMemo */;
			targetProxy = 30161962215B571A00765C4B /* PBXContainerItemProxy */;
		};
/* End PBXTargetDependency section */

/* Begin PBXVariantGroup section */
		30161949215B571800765C4B /* Main.storyboard */ = {
			isa = PBXVariantGroup;
			children = (
				3016194A215B571800765C4B /* Base */,
			);
			name = Main.storyboard;
			sourceTree = "<group>";
		};
		3016194E215B571900765C4B /* LaunchScreen.storyboard */ = {
			isa = PBXVariantGroup;
			children = (
				3016194F215B571900765C4B /* Base */,
			);
			name = LaunchScreen.storyboard;
			sourceTree = "<group>";
		};
/* End PBXVariantGroup section */

/* Begin XCBuildConfiguration section */
		30161968215B571A00765C4B /* Debug */ = {
			isa = XCBuildConfiguration;
			buildSettings = {
				ALWAYS_SEARCH_USER_PATHS = NO;
				CLANG_ANALYZER_NONNULL = YES;
				CLANG_ANALYZER_NUMBER_OBJECT_CONVERSION = YES_AGGRESSIVE;
				CLANG_CXX_LANGUAGE_STANDARD = "gnu++14";
				CLANG_CXX_LIBRARY = "libc++";
				CLANG_ENABLE_MODULES = YES;
				CLANG_ENABLE_OBJC_ARC = YES;
				CLANG_ENABLE_OBJC_WEAK = YES;
				CLANG_WARN_BLOCK_CAPTURE_AUTORELEASING = YES;
				CLANG_WARN_BOOL_CONVERSION = YES;
				CLANG_WARN_COMMA = YES;
				CLANG_WARN_CONSTANT_CONVERSION = YES;
				CLANG_WARN_DEPRECATED_OBJC_IMPLEMENTATIONS = YES;
				CLANG_WARN_DIRECT_OBJC_ISA_USAGE = YES_ERROR;
				CLANG_WARN_DOCUMENTATION_COMMENTS = YES;
				CLANG_WARN_EMPTY_BODY = YES;
				CLANG_WARN_ENUM_CONVERSION = YES;
				CLANG_WARN_INFINITE_RECURSION = YES;
				CLANG_WARN_INT_CONVERSION = YES;
				CLANG_WARN_NON_LITERAL_NULL_CONVERSION = YES;
				CLANG_WARN_OBJC_IMPLICIT_RETAIN_SELF = YES;
				CLANG_WARN_OBJC_LITERAL_CONVERSION = YES;
				CLANG_WARN_OBJC_ROOT_CLASS = YES_ERROR;
				CLANG_WARN_RANGE_LOOP_ANALYSIS = YES;
				CLANG_WARN_STRICT_PROTOTYPES = YES;
				CLANG_WARN_SUSPICIOUS_MOVE = YES;
				CLANG_WARN_UNGUARDED_AVAILABILITY = YES_AGGRESSIVE;
				CLANG_WARN_UNREACHABLE_CODE = YES;
				CLANG_WARN__DUPLICATE_METHOD_MATCH = YES;
				CODE_SIGN_IDENTITY = "iPhone Developer";
				COPY_PHASE_STRIP = NO;
				DEBUG_INFORMATION_FORMAT = dwarf;
				ENABLE_STRICT_OBJC_MSGSEND = YES;
				ENABLE_TESTABILITY = YES;
				GCC_C_LANGUAGE_STANDARD = gnu11;
				GCC_DYNAMIC_NO_PIC = NO;
				GCC_NO_COMMON_BLOCKS = YES;
				GCC_OPTIMIZATION_LEVEL = 0;
				GCC_PREPROCESSOR_DEFINITIONS = (
					"DEBUG=1",
					"$(inherited)",
				);
				GCC_WARN_64_TO_32_BIT_CONVERSION = YES;
				GCC_WARN_ABOUT_RETURN_TYPE = YES_ERROR;
				GCC_WARN_UNDECLARED_SELECTOR = YES;
				GCC_WARN_UNINITIALIZED_AUTOS = YES_AGGRESSIVE;
				GCC_WARN_UNUSED_FUNCTION = YES;
				GCC_WARN_UNUSED_VARIABLE = YES;
				IPHONEOS_DEPLOYMENT_TARGET = 12.0;
				MTL_ENABLE_DEBUG_INFO = INCLUDE_SOURCE;
				MTL_FAST_MATH = YES;
				ONLY_ACTIVE_ARCH = YES;
				SDKROOT = iphoneos;
				SWIFT_ACTIVE_COMPILATION_CONDITIONS = DEBUG;
				SWIFT_OPTIMIZATION_LEVEL = "-Onone";
			};
			name = Debug;
		};
		30161969215B571A00765C4B /* Release */ = {
			isa = XCBuildConfiguration;
			buildSettings = {
				ALWAYS_SEARCH_USER_PATHS = NO;
				CLANG_ANALYZER_NONNULL = YES;
				CLANG_ANALYZER_NUMBER_OBJECT_CONVERSION = YES_AGGRESSIVE;
				CLANG_CXX_LANGUAGE_STANDARD = "gnu++14";
				CLANG_CXX_LIBRARY = "libc++";
				CLANG_ENABLE_MODULES = YES;
				CLANG_ENABLE_OBJC_ARC = YES;
				CLANG_ENABLE_OBJC_WEAK = YES;
				CLANG_WARN_BLOCK_CAPTURE_AUTORELEASING = YES;
				CLANG_WARN_BOOL_CONVERSION = YES;
				CLANG_WARN_COMMA = YES;
				CLANG_WARN_CONSTANT_CONVERSION = YES;
				CLANG_WARN_DEPRECATED_OBJC_IMPLEMENTATIONS = YES;
				CLANG_WARN_DIRECT_OBJC_ISA_USAGE = YES_ERROR;
				CLANG_WARN_DOCUMENTATION_COMMENTS = YES;
				CLANG_WARN_EMPTY_BODY = YES;
				CLANG_WARN_ENUM_CONVERSION = YES;
				CLANG_WARN_INFINITE_RECURSION = YES;
				CLANG_WARN_INT_CONVERSION = YES;
				CLANG_WARN_NON_LITERAL_NULL_CONVERSION = YES;
				CLANG_WARN_OBJC_IMPLICIT_RETAIN_SELF = YES;
				CLANG_WARN_OBJC_LITERAL_CONVERSION = YES;
				CLANG_WARN_OBJC_ROOT_CLASS = YES_ERROR;
				CLANG_WARN_RANGE_LOOP_ANALYSIS = YES;
				CLANG_WARN_STRICT_PROTOTYPES = YES;
				CLANG_WARN_SUSPICIOUS_MOVE = YES;
				CLANG_WARN_UNGUARDED_AVAILABILITY = YES_AGGRESSIVE;
				CLANG_WARN_UNREACHABLE_CODE = YES;
				CLANG_WARN__DUPLICATE_METHOD_MATCH = YES;
				CODE_SIGN_IDENTITY = "iPhone Developer";
				COPY_PHASE_STRIP = NO;
				DEBUG_INFORMATION_FORMAT = "dwarf-with-dsym";
				ENABLE_NS_ASSERTIONS = NO;
				ENABLE_STRICT_OBJC_MSGSEND = YES;
				GCC_C_LANGUAGE_STANDARD = gnu11;
				GCC_NO_COMMON_BLOCKS = YES;
				GCC_WARN_64_TO_32_BIT_CONVERSION = YES;
				GCC_WARN_ABOUT_RETURN_TYPE = YES_ERROR;
				GCC_WARN_UNDECLARED_SELECTOR = YES;
				GCC_WARN_UNINITIALIZED_AUTOS = YES_AGGRESSIVE;
				GCC_WARN_UNUSED_FUNCTION = YES;
				GCC_WARN_UNUSED_VARIABLE = YES;
				IPHONEOS_DEPLOYMENT_TARGET = 12.0;
				MTL_ENABLE_DEBUG_INFO = NO;
				MTL_FAST_MATH = YES;
				SDKROOT = iphoneos;
				SWIFT_COMPILATION_MODE = wholemodule;
				SWIFT_OPTIMIZATION_LEVEL = "-O";
				VALIDATE_PRODUCT = YES;
			};
			name = Release;
		};
		3016196B215B571A00765C4B /* Debug */ = {
			isa = XCBuildConfiguration;
			baseConfigurationReference = BF38A687C9462063D2B79664 /* Pods-SwiftProjectMemo.debug.xcconfig */;
			buildSettings = {
				ASSETCATALOG_COMPILER_APPICON_NAME = AppIcon;
				CODE_SIGN_STYLE = Automatic;
				FRAMEWORK_SEARCH_PATHS = (
					"$(inherited)",
					"$(PROJECT_DIR)/Carthage/Build/iOS",
				);
				INFOPLIST_FILE = SwiftProjectMemo/Info.plist;
				LD_RUNPATH_SEARCH_PATHS = (
					"$(inherited)",
					"@executable_path/Frameworks",
				);
				PRODUCT_BUNDLE_IDENTIFIER = io.github.kaave.SwiftProjectMemo;
				PRODUCT_NAME = "$(TARGET_NAME)";
				SWIFT_VERSION = 4.2;
				TARGETED_DEVICE_FAMILY = "1,2";
			};
			name = Debug;
		};
		3016196C215B571A00765C4B /* Release */ = {
			isa = XCBuildConfiguration;
			baseConfigurationReference = 4DEBE072DC8056C8F4CF1349 /* Pods-SwiftProjectMemo.release.xcconfig */;
			buildSettings = {
				ASSETCATALOG_COMPILER_APPICON_NAME = AppIcon;
				CODE_SIGN_STYLE = Automatic;
				FRAMEWORK_SEARCH_PATHS = (
					"$(inherited)",
					"$(PROJECT_DIR)/Carthage/Build/iOS",
				);
				INFOPLIST_FILE = SwiftProjectMemo/Info.plist;
				LD_RUNPATH_SEARCH_PATHS = (
					"$(inherited)",
					"@executable_path/Frameworks",
				);
				PRODUCT_BUNDLE_IDENTIFIER = io.github.kaave.SwiftProjectMemo;
				PRODUCT_NAME = "$(TARGET_NAME)";
				SWIFT_VERSION = 4.2;
				TARGETED_DEVICE_FAMILY = "1,2";
			};
			name = Release;
		};
		3016196E215B571A00765C4B /* Debug */ = {
			isa = XCBuildConfiguration;
			baseConfigurationReference = 2892D38E8623C625EC6C197F /* Pods-SwiftProjectMemoTests.debug.xcconfig */;
			buildSettings = {
				ALWAYS_EMBED_SWIFT_STANDARD_LIBRARIES = YES;
				BUNDLE_LOADER = "$(TEST_HOST)";
				CODE_SIGN_STYLE = Automatic;
				INFOPLIST_FILE = SwiftProjectMemoTests/Info.plist;
				LD_RUNPATH_SEARCH_PATHS = (
					"$(inherited)",
					"@executable_path/Frameworks",
					"@loader_path/Frameworks",
				);
				PRODUCT_BUNDLE_IDENTIFIER = io.github.kaave.SwiftProjectMemoTests;
				PRODUCT_NAME = "$(TARGET_NAME)";
				SWIFT_VERSION = 4.2;
				TARGETED_DEVICE_FAMILY = "1,2";
				TEST_HOST = "$(BUILT_PRODUCTS_DIR)/SwiftProjectMemo.app/SwiftProjectMemo";
			};
			name = Debug;
		};
		3016196F215B571A00765C4B /* Release */ = {
			isa = XCBuildConfiguration;
			baseConfigurationReference = 9B2D8868235FFE9CDA3623D8 /* Pods-SwiftProjectMemoTests.release.xcconfig */;
			buildSettings = {
				ALWAYS_EMBED_SWIFT_STANDARD_LIBRARIES = YES;
				BUNDLE_LOADER = "$(TEST_HOST)";
				CODE_SIGN_STYLE = Automatic;
				INFOPLIST_FILE = SwiftProjectMemoTests/Info.plist;
				LD_RUNPATH_SEARCH_PATHS = (
					"$(inherited)",
					"@executable_path/Frameworks",
					"@loader_path/Frameworks",
				);
				PRODUCT_BUNDLE_IDENTIFIER = io.github.kaave.SwiftProjectMemoTests;
				PRODUCT_NAME = "$(TARGET_NAME)";
				SWIFT_VERSION = 4.2;
				TARGETED_DEVICE_FAMILY = "1,2";
				TEST_HOST = "$(BUILT_PRODUCTS_DIR)/SwiftProjectMemo.app/SwiftProjectMemo";
			};
			name = Release;
		};
		30161971215B571A00765C4B /* Debug */ = {
			isa = XCBuildConfiguration;
			baseConfigurationReference = E6E49B66CA967120F6DC8B1D /* Pods-SwiftProjectMemoUITests.debug.xcconfig */;
			buildSettings = {
				ALWAYS_EMBED_SWIFT_STANDARD_LIBRARIES = YES;
				CODE_SIGN_STYLE = Automatic;
				INFOPLIST_FILE = SwiftProjectMemoUITests/Info.plist;
				LD_RUNPATH_SEARCH_PATHS = (
					"$(inherited)",
					"@executable_path/Frameworks",
					"@loader_path/Frameworks",
				);
				PRODUCT_BUNDLE_IDENTIFIER = io.github.kaave.SwiftProjectMemoUITests;
				PRODUCT_NAME = "$(TARGET_NAME)";
				SWIFT_VERSION = 4.2;
				TARGETED_DEVICE_FAMILY = "1,2";
				TEST_TARGET_NAME = SwiftProjectMemo;
			};
			name = Debug;
		};
		30161972215B571A00765C4B /* Release */ = {
			isa = XCBuildConfiguration;
			baseConfigurationReference = 7D0CA00BB18BE80E8DC5F250 /* Pods-SwiftProjectMemoUITests.release.xcconfig */;
			buildSettings = {
				ALWAYS_EMBED_SWIFT_STANDARD_LIBRARIES = YES;
				CODE_SIGN_STYLE = Automatic;
				INFOPLIST_FILE = SwiftProjectMemoUITests/Info.plist;
				LD_RUNPATH_SEARCH_PATHS = (
					"$(inherited)",
					"@executable_path/Frameworks",
					"@loader_path/Frameworks",
				);
				PRODUCT_BUNDLE_IDENTIFIER = io.github.kaave.SwiftProjectMemoUITests;
				PRODUCT_NAME = "$(TARGET_NAME)";
				SWIFT_VERSION = 4.2;
				TARGETED_DEVICE_FAMILY = "1,2";
				TEST_TARGET_NAME = SwiftProjectMemo;
			};
			name = Release;
		};
/* End XCBuildConfiguration section */

/* Begin XCConfigurationList section */
		3016193D215B571800765C4B /* Build configuration list for PBXProject "SwiftProjectMemo" */ = {
			isa = XCConfigurationList;
			buildConfigurations = (
				30161968215B571A00765C4B /* Debug */,
				30161969215B571A00765C4B /* Release */,
			);
			defaultConfigurationIsVisible = 0;
			defaultConfigurationName = Release;
		};
		3016196A215B571A00765C4B /* Build configuration list for PBXNativeTarget "SwiftProjectMemo" */ = {
			isa = XCConfigurationList;
			buildConfigurations = (
				3016196B215B571A00765C4B /* Debug */,
				3016196C215B571A00765C4B /* Release */,
			);
			defaultConfigurationIsVisible = 0;
			defaultConfigurationName = Release;
		};
		3016196D215B571A00765C4B /* Build configuration list for PBXNativeTarget "SwiftProjectMemoTests" */ = {
			isa = XCConfigurationList;
			buildConfigurations = (
				3016196E215B571A00765C4B /* Debug */,
				3016196F215B571A00765C4B /* Release */,
			);
			defaultConfigurationIsVisible = 0;
			defaultConfigurationName = Release;
		};
		30161970215B571A00765C4B /* Build configuration list for PBXNativeTarget "SwiftProjectMemoUITests" */ = {
			isa = XCConfigurationList;
			buildConfigurations = (
				30161971215B571A00765C4B /* Debug */,
				30161972215B571A00765C4B /* Release */,
			);
			defaultConfigurationIsVisible = 0;
			defaultConfigurationName = Release;
		};
/* End XCConfigurationList section */
	};
	rootObject = 3016193A215B571800765C4B /* Project object */;
}
